
Microsoft Visual Studio Solution File, Format Version 12.00
# Visual Studio 14
VisualStudioVersion = 14.0.23107.0
MinimumVisualStudioVersion = 10.0.40219.1
Project("{FAE04EC0-301F-11D3-BF4B-00C04F79EFBC}") = "SimuladorFinanciero", "ClassLibrary1\SimuladorFinanciero.csproj", "{CFF961FC-D105-414C-AD57-1A2D9737B9CE}"
EndProject
Project("{F088123C-0E9E-452A-89E6-6BA2F21D5CAC}") = "SistemaTasas", "SistemaTasas\SistemaTasas.modelproj", "{C1EC34EF-0180-4442-AA73-2A4C3D290A3A}"
EndProject
Project("{2150E333-8FDC-42A3-9474-1A3956D46DE8}") = "1.Infraestructura", "1.Infraestructura", "{73235B0C-2028-4939-8879-81A33B7F5341}"
EndProject
Project("{2150E333-8FDC-42A3-9474-1A3956D46DE8}") = "2.Dominio", "2.Dominio", "{446F414D-333F-41B6-8E1E-CF5516A9060C}"
EndProject
Project("{2150E333-8FDC-42A3-9474-1A3956D46DE8}") = "3.Distribucion", "3.Distribucion", "{1D4EFC40-E6A8-42C1-8EB7-F72A3D4D8CA3}"
EndProject
Project("{2150E333-8FDC-42A3-9474-1A3956D46DE8}") = "4.Presentacion", "4.Presentacion", "{8FF26A2D-D9D1-4BA6-84C9-90D9A5F3E717}"
EndProject
Project("{FAE04EC0-301F-11D3-BF4B-00C04F79EFBC}") = "SimuladorFinanciero.Datos.EF", "SimuladorFinanciero.Datos.EF\SimuladorFinanciero.Datos.EF.csproj", "{727C1709-B274-45EF-A076-BCC053686F3E}"
EndProject
Project("{FAE04EC0-301F-11D3-BF4B-00C04F79EFBC}") = "SimuladorFinanciero.DTOs", "SimuladorFinanciero.DTOs\SimuladorFinanciero.DTOs.csproj", "{32289D31-BBC1-4B1B-95B3-FDB19FE71E15}"
EndProject
Project("{FAE04EC0-301F-11D3-BF4B-00C04F79EFBC}") = "SimuladorFinanciero.Servicios.WebAPI", "SimuladorFinanciero.Servicios.WebAPI\SimuladorFinanciero.Servicios.WebAPI.csproj", "{D9616F53-9B47-4D46-8E3E-0FD3CDE89F25}"
EndProject
Global
	GlobalSection(SolutionConfigurationPlatforms) = preSolution
		Debug|Any CPU = Debug|Any CPU
		Release|Any CPU = Release|Any CPU
	EndGlobalSection
	GlobalSection(ProjectConfigurationPlatforms) = postSolution
		{CFF961FC-D105-414C-AD57-1A2D9737B9CE}.Debug|Any CPU.ActiveCfg = Debug|Any CPU
		{CFF961FC-D105-414C-AD57-1A2D9737B9CE}.Debug|Any CPU.Build.0 = Debug|Any CPU
		{CFF961FC-D105-414C-AD57-1A2D9737B9CE}.Release|Any CPU.ActiveCfg = Release|Any CPU
		{CFF961FC-D105-414C-AD57-1A2D9737B9CE}.Release|Any CPU.Build.0 = Release|Any CPU
		{C1EC34EF-0180-4442-AA73-2A4C3D290A3A}.Debug|Any CPU.ActiveCfg = Debug|Any CPU
		{C1EC34EF-0180-4442-AA73-2A4C3D290A3A}.Debug|Any CPU.Build.0 = Debug|Any CPU
		{C1EC34EF-0180-4442-AA73-2A4C3D290A3A}.Release|Any CPU.ActiveCfg = Release|Any CPU
		{C1EC34EF-0180-4442-AA73-2A4C3D290A3A}.Release|Any CPU.Build.0 = Release|Any CPU
		{727C1709-B274-45EF-A076-BCC053686F3E}.Debug|Any CPU.ActiveCfg = Debug|Any CPU
		{727C1709-B274-45EF-A076-BCC053686F3E}.Debug|Any CPU.Build.0 = Debug|Any CPU
		{727C1709-B274-45EF-A076-BCC053686F3E}.Release|Any CPU.ActiveCfg = Release|Any CPU
		{727C1709-B274-45EF-A076-BCC053686F3E}.Release|Any CPU.Build.0 = Release|Any CPU
		{32289D31-BBC1-4B1B-95B3-FDB19FE71E15}.Debug|Any CPU.ActiveCfg = Debug|Any CPU
		{32289D31-BBC1-4B1B-95B3-FDB19FE71E15}.Debug|Any CPU.Build.0 = Debug|Any CPU
		{32289D31-BBC1-4B1B-95B3-FDB19FE71E15}.Release|Any CPU.ActiveCfg = Release|Any CPU
		{32289D31-BBC1-4B1B-95B3-FDB19FE71E15}.Release|Any CPU.Build.0 = Release|Any CPU
		{D9616F53-9B47-4D46-8E3E-0FD3CDE89F25}.Debug|Any CPU.ActiveCfg = Debug|Any CPU
		{D9616F53-9B47-4D46-8E3E-0FD3CDE89F25}.Debug|Any CPU.Build.0 = Debug|Any CPU
		{D9616F53-9B47-4D46-8E3E-0FD3CDE89F25}.Release|Any CPU.ActiveCfg = Release|Any CPU
		{D9616F53-9B47-4D46-8E3E-0FD3CDE89F25}.Release|Any CPU.Build.0 = Release|Any CPU
	EndGlobalSection
	GlobalSection(SolutionProperties) = preSolution
		HideSolutionNode = FALSE
	EndGlobalSection
	GlobalSection(NestedProjects) = preSolution
		{CFF961FC-D105-414C-AD57-1A2D9737B9CE} = {446F414D-333F-41B6-8E1E-CF5516A9060C}
		{C1EC34EF-0180-4442-AA73-2A4C3D290A3A} = {446F414D-333F-41B6-8E1E-CF5516A9060C}
		{727C1709-B274-45EF-A076-BCC053686F3E} = {73235B0C-2028-4939-8879-81A33B7F5341}
		{32289D31-BBC1-4B1B-95B3-FDB19FE71E15} = {1D4EFC40-E6A8-42C1-8EB7-F72A3D4D8CA3}
		{D9616F53-9B47-4D46-8E3E-0FD3CDE89F25} = {1D4EFC40-E6A8-42C1-8EB7-F72A3D4D8CA3}
	EndGlobalSection
EndGlobal
